{
  "name": "qtools-config-file-processor",
  "version": "1.0.11",
  "lockfileVersion": 1,
  "requires": true,
  "dependencies": {
    "lodash": {
      "version": "4.17.21",
      "resolved": "https://registry.npmjs.org/lodash/-/lodash-4.17.21.tgz",
      "integrity": "sha512-v2kDEe57lecTulaDIuNTPy3Ry4gLGJ6Z1O3vE1krgXZNrsQ+LFTGHVxVjcXPs17LhbZVGedAJv8XZ1tvj5FvSg=="
    },
    "multi-ini": {
      "version": "2.2.0",
      "resolved": "https://registry.npmjs.org/multi-ini/-/multi-ini-2.2.0.tgz",
      "integrity": "sha512-RKNuYAX0LC+UfjRQSRC3QoV37vVxNhx32mGysN+aiiNfJzu4xIzGCtpAKwgFXqdmUdCFmX/VSfpHCS0ALNjasQ==",
      "requires": {
        "lodash": "^4.0.0"
      }
    }
  }
}
