{
  "name": "qtools-config-file-processor",
  "version": "1.0.0",
  "lockfileVersion": 1,
  "requires": true,
  "dependencies": {
    "lodash": {
      "version": "2.4.2",
      "resolved": "https://registry.npmjs.org/lodash/-/lodash-2.4.2.tgz",
      "integrity": "sha1-+t2DS5aDBz2hebPq5tnA0VBT9z4="
    },
    "multi-ini": {
      "version": "1.0.1",
      "resolved": "https://registry.npmjs.org/multi-ini/-/multi-ini-1.0.1.tgz",
      "integrity": "sha1-YgDH0V2+mybOarr1ZyfRjEbeS14=",
      "requires": {
        "lodash": "^2.4.1"
      }
    }
  }
}
