{
  "name": "qtools-config-file-processor",
  "version": "1.0.7",
  "lockfileVersion": 1,
  "requires": true,
  "dependencies": {
    "lodash": {
      "version": "4.17.20",
      "resolved": "https://registry.npmjs.org/lodash/-/lodash-4.17.20.tgz",
      "integrity": "sha512-PlhdFcillOINfeV7Ni6oF1TAEayyZBoZ8bcshTHqOYJYlrqzRK5hagpagky5o4HfCzzd1TRkXPMFq6cKk9rGmA=="
    },
    "multi-ini": {
      "version": "2.1.2",
      "resolved": "https://registry.npmjs.org/multi-ini/-/multi-ini-2.1.2.tgz",
      "integrity": "sha512-m7G4SF3bo/VM+iyeiIlCvBVD0GY2NQ/PHh+H6y3sEYaRJ3fFeKo5/6e0O15B17+KpqDZ9ia+JBo8d7ZUYiEucw==",
      "requires": {
        "lodash": "^4.0.0"
      }
    }
  }
}
